
Microsoft Visual Studio Solution File, Format Version 12.00
# Visual Studio Version 17
VisualStudioVersion = 17.1.32319.34
MinimumVisualStudioVersion = 10.0.40219.1
Project("{FAE04EC0-301F-11D3-BF4B-00C04F79EFBC}") = "OnBoarding", "OnBoarding\OnBoarding.csproj", "{3204290A-969B-4329-B742-F6D855894CFC}"
EndProject
Global
	GlobalSection(SolutionConfigurationPlatforms) = preSolution
		Debug|Any CPU = Debug|Any CPU
		Release|Any CPU = Release|Any CPU
	EndGlobalSection
	GlobalSection(ProjectConfigurationPlatforms) = postSolution
		{3204290A-969B-4329-B742-F6D855894CFC}.Debug|Any CPU.ActiveCfg = Debug|Any CPU
		{3204290A-969B-4329-B742-F6D855894CFC}.Debug|Any CPU.Build.0 = Debug|Any CPU
		{3204290A-969B-4329-B742-F6D855894CFC}.Release|Any CPU.ActiveCfg = Release|Any CPU
		{3204290A-969B-4329-B742-F6D855894CFC}.Release|Any CPU.Build.0 = Release|Any CPU
	EndGlobalSection
	GlobalSection(SolutionProperties) = preSolution
		HideSolutionNode = FALSE
	EndGlobalSection
	GlobalSection(ExtensibilityGlobals) = postSolution
		SolutionGuid = {7FE2557E-1E27-42D7-AB83-90F7A2419038}
	EndGlobalSection
EndGlobal
